// !$*UTF8*$!
{
	archiveVersion = 1;
	classes = {
	};
	objectVersion = 50;
	objects = {

/* Begin PBXBuildFile section */
		22980D5924E2AB3200FD5CCA /* AppDelegate.m in Sources */ = {isa = PBXBuildFile; fileRef = 22980D5824E2AB3200FD5CCA /* AppDelegate.m */; };
		22980D5C24E2AB3200FD5CCA /* SceneDelegate.m in Sources */ = {isa = PBXBuildFile; fileRef = 22980D5B24E2AB3200FD5CCA /* SceneDelegate.m */; };
		22980D5F24E2AB3200FD5CCA /* ViewController.m in Sources */ = {isa = PBXBuildFile; fileRef = 22980D5E24E2AB3200FD5CCA /* ViewController.m */; };
		22980D6224E2AB3200FD5CCA /* Main.storyboard in Resources */ = {isa = PBXBuildFile; fileRef = 22980D6024E2AB3200FD5CCA /* Main.storyboard */; };
		22980D6424E2AB3A00FD5CCA /* Assets.xcassets in Resources */ = {isa = PBXBuildFile; fileRef = 22980D6324E2AB3A00FD5CCA /* Assets.xcassets */; };
		22980D6724E2AB3A00FD5CCA /* LaunchScreen.storyboard in Resources */ = {isa = PBXBuildFile; fileRef = 22980D6524E2AB3A00FD5CCA /* LaunchScreen.storyboard */; };
		22980D6A24E2AB3A00FD5CCA /* main.m in Sources */ = {isa = PBXBuildFile; fileRef = 22980D6924E2AB3A00FD5CCA /* main.m */; };
		22980D7424E2AB3A00FD5CCA /* _____Tests.m in Sources */ = {isa = PBXBuildFile; fileRef = 22980D7324E2AB3A00FD5CCA /* _____Tests.m */; };
		22980D7F24E2AB3A00FD5CCA /* _____UITests.m in Sources */ = {isa = PBXBuildFile; fileRef = 22980D7E24E2AB3A00FD5CCA /* _____UITests.m */; };
		22980D8D24E2AC1300FD5CCA /* 2.jpg in Resources */ = {isa = PBXBuildFile; fileRef = 22980D8C24E2AC1300FD5CCA /* 2.jpg */; };
		22980D9124E2AC5200FD5CCA /* Normal.fsh in Resources */ = {isa = PBXBuildFile; fileRef = 22980D9024E2AC5200FD5CCA /* Normal.fsh */; };
		22980D9324E2AC5D00FD5CCA /* Normal.vsh in Resources */ = {isa = PBXBuildFile; fileRef = 22980D9224E2AC5D00FD5CCA /* Normal.vsh */; };
		22980D9624E2AD2500FD5CCA /* Gray.fsh in Resources */ = {isa = PBXBuildFile; fileRef = 22980D9524E2AD2500FD5CCA /* Gray.fsh */; };
		22980D9824E2AD3900FD5CCA /* Gray.vsh in Resources */ = {isa = PBXBuildFile; fileRef = 22980D9724E2AD3900FD5CCA /* Gray.vsh */; };
		22980D9B24E2AD6B00FD5CCA /* Mosaic.fsh in Resources */ = {isa = PBXBuildFile; fileRef = 22980D9A24E2AD6B00FD5CCA /* Mosaic.fsh */; };
		22980D9D24E2AD7900FD5CCA /* Mosaic.vsh in Resources */ = {isa = PBXBuildFile; fileRef = 22980D9C24E2AD7900FD5CCA /* Mosaic.vsh */; };
		22980DA024E2AD9400FD5CCA /* HexagonMosaic.fsh in Resources */ = {isa = PBXBuildFile; fileRef = 22980D9F24E2AD9400FD5CCA /* HexagonMosaic.fsh */; };
		22980DA224E2AD9C00FD5CCA /* HexagonMosaic.vsh in Resources */ = {isa = PBXBuildFile; fileRef = 22980DA124E2AD9B00FD5CCA /* HexagonMosaic.vsh */; };
		22980DA524E2ADB200FD5CCA /* TriangleMosaic.fsh in Resources */ = {isa = PBXBuildFile; fileRef = 22980DA424E2ADB200FD5CCA /* TriangleMosaic.fsh */; };
		22980DA724E2ADBB00FD5CCA /* TriangleMosaic.vsh in Resources */ = {isa = PBXBuildFile; fileRef = 22980DA624E2ADBB00FD5CCA /* TriangleMosaic.vsh */; };
		22980DAA24E2ADF700FD5CCA /* Reversal.fsh in Resources */ = {isa = PBXBuildFile; fileRef = 22980DA924E2ADF700FD5CCA /* Reversal.fsh */; };
		22980DAC24E2ADFE00FD5CCA /* Reversal.vsh in Resources */ = {isa = PBXBuildFile; fileRef = 22980DAB24E2ADFE00FD5CCA /* Reversal.vsh */; };
/* End PBXBuildFile section */

/* Begin PBXContainerItemProxy section */
		22980D7024E2AB3A00FD5CCA /* PBXContainerItemProxy */ = {
			isa = PBXContainerItemProxy;
			containerPortal = 22980D4C24E2AB3200FD5CCA /* Project object */;
			proxyType = 1;
			remoteGlobalIDString = 22980D5324E2AB3200FD5CCA;
			remoteInfo = "马赛克处理";
		};
		22980D7B24E2AB3A00FD5CCA /* PBXContainerItemProxy */ = {
			isa = PBXContainerItemProxy;
			containerPortal = 22980D4C24E2AB3200FD5CCA /* Project object */;
			proxyType = 1;
			remoteGlobalIDString = 22980D5324E2AB3200FD5CCA;
			remoteInfo = "马赛克处理";
		};
/* End PBXContainerItemProxy section */

/* Begin PBXFileReference section */
		22980D5424E2AB3200FD5CCA /* 马赛克处理.app */ = {isa = PBXFileReference; explicitFileType = wrapper.application; includeInIndex = 0; path = "马赛克处理.app"; sourceTree = BUILT_PRODUCTS_DIR; };
		22980D5724E2AB3200FD5CCA /* AppDelegate.h */ = {isa = PBXFileReference; lastKnownFileType = sourcecode.c.h; path = AppDelegate.h; sourceTree = "<group>"; };
		22980D5824E2AB3200FD5CCA /* AppDelegate.m */ = {isa = PBXFileReference; lastKnownFileType = sourcecode.c.objc; path = AppDelegate.m; sourceTree = "<group>"; };
		22980D5A24E2AB3200FD5CCA /* SceneDelegate.h */ = {isa = PBXFileReference; lastKnownFileType = sourcecode.c.h; path = SceneDelegate.h; sourceTree = "<group>"; };
		22980D5B24E2AB3200FD5CCA /* SceneDelegate.m */ = {isa = PBXFileReference; lastKnownFileType = sourcecode.c.objc; path = SceneDelegate.m; sourceTree = "<group>"; };
		22980D5D24E2AB3200FD5CCA /* ViewController.h */ = {isa = PBXFileReference; lastKnownFileType = sourcecode.c.h; path = ViewController.h; sourceTree = "<group>"; };
		22980D5E24E2AB3200FD5CCA /* ViewController.m */ = {isa = PBXFileReference; lastKnownFileType = sourcecode.c.objc; path = ViewController.m; sourceTree = "<group>"; };
		22980D6124E2AB3200FD5CCA /* Base */ = {isa = PBXFileReference; lastKnownFileType = file.storyboard; name = Base; path = Base.lproj/Main.storyboard; sourceTree = "<group>"; };
		22980D6324E2AB3A00FD5CCA /* Assets.xcassets */ = {isa = PBXFileReference; lastKnownFileType = folder.assetcatalog; path = Assets.xcassets; sourceTree = "<group>"; };
		22980D6624E2AB3A00FD5CCA /* Base */ = {isa = PBXFileReference; lastKnownFileType = file.storyboard; name = Base; path = Base.lproj/LaunchScreen.storyboard; sourceTree = "<group>"; };
		22980D6824E2AB3A00FD5CCA /* Info.plist */ = {isa = PBXFileReference; lastKnownFileType = text.plist.xml; path = Info.plist; sourceTree = "<group>"; };
		22980D6924E2AB3A00FD5CCA /* main.m */ = {isa = PBXFileReference; lastKnownFileType = sourcecode.c.objc; path = main.m; sourceTree = "<group>"; };
		22980D6F24E2AB3A00FD5CCA /* 马赛克处理Tests.xctest */ = {isa = PBXFileReference; explicitFileType = wrapper.cfbundle; includeInIndex = 0; path = "马赛克处理Tests.xctest"; sourceTree = BUILT_PRODUCTS_DIR; };
		22980D7324E2AB3A00FD5CCA /* _____Tests.m */ = {isa = PBXFileReference; lastKnownFileType = sourcecode.c.objc; path = "_____Tests.m"; sourceTree = "<group>"; };
		22980D7524E2AB3A00FD5CCA /* Info.plist */ = {isa = PBXFileReference; lastKnownFileType = text.plist.xml; path = Info.plist; sourceTree = "<group>"; };
		22980D7A24E2AB3A00FD5CCA /* 马赛克处理UITests.xctest */ = {isa = PBXFileReference; explicitFileType = wrapper.cfbundle; includeInIndex = 0; path = "马赛克处理UITests.xctest"; sourceTree = BUILT_PRODUCTS_DIR; };
		22980D7E24E2AB3A00FD5CCA /* _____UITests.m */ = {isa = PBXFileReference; lastKnownFileType = sourcecode.c.objc; path = "_____UITests.m"; sourceTree = "<group>"; };
		22980D8024E2AB3A00FD5CCA /* Info.plist */ = {isa = PBXFileReference; lastKnownFileType = text.plist.xml; path = Info.plist; sourceTree = "<group>"; };
		22980D8C24E2AC1300FD5CCA /* 2.jpg */ = {isa = PBXFileReference; lastKnownFileType = image.jpeg; path = 2.jpg; sourceTree = "<group>"; };
		22980D9024E2AC5200FD5CCA /* Normal.fsh */ = {isa = PBXFileReference; lastKnownFileType = sourcecode.glsl; path = Normal.fsh; sourceTree = "<group>"; };
		22980D9224E2AC5D00FD5CCA /* Normal.vsh */ = {isa = PBXFileReference; lastKnownFileType = sourcecode.glsl; path = Normal.vsh; sourceTree = "<group>"; };
		22980D9524E2AD2500FD5CCA /* Gray.fsh */ = {isa = PBXFileReference; lastKnownFileType = sourcecode.glsl; path = Gray.fsh; sourceTree = "<group>"; };
		22980D9724E2AD3900FD5CCA /* Gray.vsh */ = {isa = PBXFileReference; lastKnownFileType = sourcecode.glsl; path = Gray.vsh; sourceTree = "<group>"; };
		22980D9A24E2AD6B00FD5CCA /* Mosaic.fsh */ = {isa = PBXFileReference; lastKnownFileType = sourcecode.glsl; path = Mosaic.fsh; sourceTree = "<group>"; };
		22980D9C24E2AD7900FD5CCA /* Mosaic.vsh */ = {isa = PBXFileReference; lastKnownFileType = sourcecode.glsl; path = Mosaic.vsh; sourceTree = "<group>"; };
		22980D9F24E2AD9400FD5CCA /* HexagonMosaic.fsh */ = {isa = PBXFileReference; lastKnownFileType = sourcecode.glsl; path = HexagonMosaic.fsh; sourceTree = "<group>"; };
		22980DA124E2AD9B00FD5CCA /* HexagonMosaic.vsh */ = {isa = PBXFileReference; lastKnownFileType = sourcecode.glsl; path = HexagonMosaic.vsh; sourceTree = "<group>"; };
		22980DA424E2ADB200FD5CCA /* TriangleMosaic.fsh */ = {isa = PBXFileReference; lastKnownFileType = sourcecode.glsl; path = TriangleMosaic.fsh; sourceTree = "<group>"; };
		22980DA624E2ADBB00FD5CCA /* TriangleMosaic.vsh */ = {isa = PBXFileReference; lastKnownFileType = sourcecode.glsl; path = TriangleMosaic.vsh; sourceTree = "<group>"; };
		22980DA924E2ADF700FD5CCA /* Reversal.fsh */ = {isa = PBXFileReference; lastKnownFileType = sourcecode.glsl; path = Reversal.fsh; sourceTree = "<group>"; };
		22980DAB24E2ADFE00FD5CCA /* Reversal.vsh */ = {isa = PBXFileReference; lastKnownFileType = sourcecode.glsl; path = Reversal.vsh; sourceTree = "<group>"; };
/* End PBXFileReference section */

/* Begin PBXFrameworksBuildPhase section */
		22980D5124E2AB3200FD5CCA /* Frameworks */ = {
			isa = PBXFrameworksBuildPhase;
			buildActionMask = 2147483647;
			files = (
			);
			runOnlyForDeploymentPostprocessing = 0;
		};
		22980D6C24E2AB3A00FD5CCA /* Frameworks */ = {
			isa = PBXFrameworksBuildPhase;
			buildActionMask = 2147483647;
			files = (
			);
			runOnlyForDeploymentPostprocessing = 0;
		};
		22980D7724E2AB3A00FD5CCA /* Frameworks */ = {
			isa = PBXFrameworksBuildPhase;
			buildActionMask = 2147483647;
			files = (
			);
			runOnlyForDeploymentPostprocessing = 0;
		};
/* End PBXFrameworksBuildPhase section */

/* Begin PBXGroup section */
		22980D4B24E2AB3200FD5CCA = {
			isa = PBXGroup;
			children = (
				22980D5624E2AB3200FD5CCA /* 马赛克处理 */,
				22980D7224E2AB3A00FD5CCA /* 马赛克处理Tests */,
				22980D7D24E2AB3A00FD5CCA /* 马赛克处理UITests */,
				22980D5524E2AB3200FD5CCA /* Products */,
			);
			sourceTree = "<group>";
		};
		22980D5524E2AB3200FD5CCA /* Products */ = {
			isa = PBXGroup;
			children = (
				22980D5424E2AB3200FD5CCA /* 马赛克处理.app */,
				22980D6F24E2AB3A00FD5CCA /* 马赛克处理Tests.xctest */,
				22980D7A24E2AB3A00FD5CCA /* 马赛克处理UITests.xctest */,
			);
			name = Products;
			sourceTree = "<group>";
		};
		22980D5624E2AB3200FD5CCA /* 马赛克处理 */ = {
			isa = PBXGroup;
			children = (
				22980D5724E2AB3200FD5CCA /* AppDelegate.h */,
				22980D5824E2AB3200FD5CCA /* AppDelegate.m */,
				22980D5A24E2AB3200FD5CCA /* SceneDelegate.h */,
				22980D5B24E2AB3200FD5CCA /* SceneDelegate.m */,
				22980D5D24E2AB3200FD5CCA /* ViewController.h */,
				22980D5E24E2AB3200FD5CCA /* ViewController.m */,
				22980D8E24E2AC3500FD5CCA /* Filter */,
				22980D6024E2AB3200FD5CCA /* Main.storyboard */,
				22980D8C24E2AC1300FD5CCA /* 2.jpg */,
				22980D6324E2AB3A00FD5CCA /* Assets.xcassets */,
				22980D6524E2AB3A00FD5CCA /* LaunchScreen.storyboard */,
				22980D6824E2AB3A00FD5CCA /* Info.plist */,
				22980D6924E2AB3A00FD5CCA /* main.m */,
			);
			path = "马赛克处理";
			sourceTree = "<group>";
		};
		22980D7224E2AB3A00FD5CCA /* 马赛克处理Tests */ = {
			isa = PBXGroup;
			children = (
				22980D7324E2AB3A00FD5CCA /* _____Tests.m */,
				22980D7524E2AB3A00FD5CCA /* Info.plist */,
			);
			path = "马赛克处理Tests";
			sourceTree = "<group>";
		};
		22980D7D24E2AB3A00FD5CCA /* 马赛克处理UITests */ = {
			isa = PBXGroup;
			children = (
				22980D7E24E2AB3A00FD5CCA /* _____UITests.m */,
				22980D8024E2AB3A00FD5CCA /* Info.plist */,
			);
			path = "马赛克处理UITests";
			sourceTree = "<group>";
		};
		22980D8E24E2AC3500FD5CCA /* Filter */ = {
			isa = PBXGroup;
			children = (
				22980DA824E2ADE500FD5CCA /* Reversal */,
				22980DA324E2AD9E00FD5CCA /* TriangleMosaic */,
				22980D9E24E2AD7C00FD5CCA /* HexagonMosaic */,
				22980D9924E2AD4D00FD5CCA /* Mosaic */,
				22980D9424E2AD0F00FD5CCA /* Gray */,
				22980D8F24E2AC3E00FD5CCA /* Normal */,
			);
			path = Filter;
			sourceTree = "<group>";
		};
		22980D8F24E2AC3E00FD5CCA /* Normal */ = {
			isa = PBXGroup;
			children = (
				22980D9024E2AC5200FD5CCA /* Normal.fsh */,
				22980D9224E2AC5D00FD5CCA /* Normal.vsh */,
			);
			path = Normal;
			sourceTree = "<group>";
		};
		22980D9424E2AD0F00FD5CCA /* Gray */ = {
			isa = PBXGroup;
			children = (
				22980D9524E2AD2500FD5CCA /* Gray.fsh */,
				22980D9724E2AD3900FD5CCA /* Gray.vsh */,
			);
			path = Gray;
			sourceTree = "<group>";
		};
		22980D9924E2AD4D00FD5CCA /* Mosaic */ = {
			isa = PBXGroup;
			children = (
				22980D9A24E2AD6B00FD5CCA /* Mosaic.fsh */,
				22980D9C24E2AD7900FD5CCA /* Mosaic.vsh */,
			);
			path = Mosaic;
			sourceTree = "<group>";
		};
		22980D9E24E2AD7C00FD5CCA /* HexagonMosaic */ = {
			isa = PBXGroup;
			children = (
				22980D9F24E2AD9400FD5CCA /* HexagonMosaic.fsh */,
				22980DA124E2AD9B00FD5CCA /* HexagonMosaic.vsh */,
			);
			path = HexagonMosaic;
			sourceTree = "<group>";
		};
		22980DA324E2AD9E00FD5CCA /* TriangleMosaic */ = {
			isa = PBXGroup;
			children = (
				22980DA424E2ADB200FD5CCA /* TriangleMosaic.fsh */,
				22980DA624E2ADBB00FD5CCA /* TriangleMosaic.vsh */,
			);
			path = TriangleMosaic;
			sourceTree = "<group>";
		};
		22980DA824E2ADE500FD5CCA /* Reversal */ = {
			isa = PBXGroup;
			children = (
				22980DA924E2ADF700FD5CCA /* Reversal.fsh */,
				22980DAB24E2ADFE00FD5CCA /* Reversal.vsh */,
			);
			path = Reversal;
			sourceTree = "<group>";
		};
/* End PBXGroup section */

/* Begin PBXNativeTarget section */
		22980D5324E2AB3200FD5CCA /* 马赛克处理 */ = {
			isa = PBXNativeTarget;
			buildConfigurationList = 22980D8324E2AB3A00FD5CCA /* Build configuration list for PBXNativeTarget "马赛克处理" */;
			buildPhases = (
				22980D5024E2AB3200FD5CCA /* Sources */,
				22980D5124E2AB3200FD5CCA /* Frameworks */,
				22980D5224E2AB3200FD5CCA /* Resources */,
			);
			buildRules = (
			);
			dependencies = (
			);
			name = "马赛克处理";
			productName = "马赛克处理";
			productReference = 22980D5424E2AB3200FD5CCA /* 马赛克处理.app */;
			productType = "com.apple.product-type.application";
		};
		22980D6E24E2AB3A00FD5CCA /* 马赛克处理Tests */ = {
			isa = PBXNativeTarget;
			buildConfigurationList = 22980D8624E2AB3A00FD5CCA /* Build configuration list for PBXNativeTarget "马赛克处理Tests" */;
			buildPhases = (
				22980D6B24E2AB3A00FD5CCA /* Sources */,
				22980D6C24E2AB3A00FD5CCA /* Frameworks */,
				22980D6D24E2AB3A00FD5CCA /* Resources */,
			);
			buildRules = (
			);
			dependencies = (
				22980D7124E2AB3A00FD5CCA /* PBXTargetDependency */,
			);
			name = "马赛克处理Tests";
			productName = "马赛克处理Tests";
			productReference = 22980D6F24E2AB3A00FD5CCA /* 马赛克处理Tests.xctest */;
			productType = "com.apple.product-type.bundle.unit-test";
		};
		22980D7924E2AB3A00FD5CCA /* 马赛克处理UITests */ = {
			isa = PBXNativeTarget;
			buildConfigurationList = 22980D8924E2AB3A00FD5CCA /* Build configuration list for PBXNativeTarget "马赛克处理UITests" */;
			buildPhases = (
				22980D7624E2AB3A00FD5CCA /* Sources */,
				22980D7724E2AB3A00FD5CCA /* Frameworks */,
				22980D7824E2AB3A00FD5CCA /* Resources */,
			);
			buildRules = (
			);
			dependencies = (
				22980D7C24E2AB3A00FD5CCA /* PBXTargetDependency */,
			);
			name = "马赛克处理UITests";
			productName = "马赛克处理UITests";
			productReference = 22980D7A24E2AB3A00FD5CCA /* 马赛克处理UITests.xctest */;
			productType = "com.apple.product-type.bundle.ui-testing";
		};
/* End PBXNativeTarget section */

/* Begin PBXProject section */
		22980D4C24E2AB3200FD5CCA /* Project object */ = {
			isa = PBXProject;
			attributes = {
				LastUpgradeCheck = 1150;
				ORGANIZATIONNAME = "彭文喜";
				TargetAttributes = {
					22980D5324E2AB3200FD5CCA = {
						CreatedOnToolsVersion = 11.5;
					};
					22980D6E24E2AB3A00FD5CCA = {
						CreatedOnToolsVersion = 11.5;
						TestTargetID = 22980D5324E2AB3200FD5CCA;
					};
					22980D7924E2AB3A00FD5CCA = {
						CreatedOnToolsVersion = 11.5;
						TestTargetID = 22980D5324E2AB3200FD5CCA;
					};
				};
			};
			buildConfigurationList = 22980D4F24E2AB3200FD5CCA /* Build configuration list for PBXProject "马赛克处理" */;
			compatibilityVersion = "Xcode 9.3";
			developmentRegion = en;
			hasScannedForEncodings = 0;
			knownRegions = (
				en,
				Base,
			);
			mainGroup = 22980D4B24E2AB3200FD5CCA;
			productRefGroup = 22980D5524E2AB3200FD5CCA /* Products */;
			projectDirPath = "";
			projectRoot = "";
			targets = (
				22980D5324E2AB3200FD5CCA /* 马赛克处理 */,
				22980D6E24E2AB3A00FD5CCA /* 马赛克处理Tests */,
				22980D7924E2AB3A00FD5CCA /* 马赛克处理UITests */,
			);
		};
/* End PBXProject section */

/* Begin PBXResourcesBuildPhase section */
		22980D5224E2AB3200FD5CCA /* Resources */ = {
			isa = PBXResourcesBuildPhase;
			buildActionMask = 2147483647;
			files = (
				22980D9124E2AC5200FD5CCA /* Normal.fsh in Resources */,
				22980D6724E2AB3A00FD5CCA /* LaunchScreen.storyboard in Resources */,
				22980D9824E2AD3900FD5CCA /* Gray.vsh in Resources */,
				22980D9324E2AC5D00FD5CCA /* Normal.vsh in Resources */,
				22980DA524E2ADB200FD5CCA /* TriangleMosaic.fsh in Resources */,
				22980D9B24E2AD6B00FD5CCA /* Mosaic.fsh in Resources */,
				22980DA024E2AD9400FD5CCA /* HexagonMosaic.fsh in Resources */,
				22980DA224E2AD9C00FD5CCA /* HexagonMosaic.vsh in Resources */,
				22980D9D24E2AD7900FD5CCA /* Mosaic.vsh in Resources */,
				22980D6424E2AB3A00FD5CCA /* Assets.xcassets in Resources */,
				22980D8D24E2AC1300FD5CCA /* 2.jpg in Resources */,
				22980DAA24E2ADF700FD5CCA /* Reversal.fsh in Resources */,
				22980D6224E2AB3200FD5CCA /* Main.storyboard in Resources */,
				22980D9624E2AD2500FD5CCA /* Gray.fsh in Resources */,
				22980DA724E2ADBB00FD5CCA /* TriangleMosaic.vsh in Resources */,
				22980DAC24E2ADFE00FD5CCA /* Reversal.vsh in Resources */,
			);
			runOnlyForDeploymentPostprocessing = 0;
		};
		22980D6D24E2AB3A00FD5CCA /* Resources */ = {
			isa = PBXResourcesBuildPhase;
			buildActionMask = 2147483647;
			files = (
			);
			runOnlyForDeploymentPostprocessing = 0;
		};
		22980D7824E2AB3A00FD5CCA /* Resources */ = {
			isa = PBXResourcesBuildPhase;
			buildActionMask = 2147483647;
			files = (
			);
			runOnlyForDeploymentPostprocessing = 0;
		};
/* End PBXResourcesBuildPhase section */

/* Begin PBXSourcesBuildPhase section */
		22980D5024E2AB3200FD5CCA /* Sources */ = {
			isa = PBXSourcesBuildPhase;
			buildActionMask = 2147483647;
			files = (
				22980D5F24E2AB3200FD5CCA /* ViewController.m in Sources */,
				22980D5924E2AB3200FD5CCA /* AppDelegate.m in Sources */,
				22980D6A24E2AB3A00FD5CCA /* main.m in Sources */,
				22980D5C24E2AB3200FD5CCA /* SceneDelegate.m in Sources */,
			);
			runOnlyForDeploymentPostprocessing = 0;
		};
		22980D6B24E2AB3A00FD5CCA /* Sources */ = {
			isa = PBXSourcesBuildPhase;
			buildActionMask = 2147483647;
			files = (
				22980D7424E2AB3A00FD5CCA /* _____Tests.m in Sources */,
			);
			runOnlyForDeploymentPostprocessing = 0;
		};
		22980D7624E2AB3A00FD5CCA /* Sources */ = {
			isa = PBXSourcesBuildPhase;
			buildActionMask = 2147483647;
			files = (
				22980D7F24E2AB3A00FD5CCA /* _____UITests.m in Sources */,
			);
			runOnlyForDeploymentPostprocessing = 0;
		};
/* End PBXSourcesBuildPhase section */

/* Begin PBXTargetDependency section */
		22980D7124E2AB3A00FD5CCA /* PBXTargetDependency */ = {
			isa = PBXTargetDependency;
			target = 22980D5324E2AB3200FD5CCA /* 马赛克处理 */;
			targetProxy = 22980D7024E2AB3A00FD5CCA /* PBXContainerItemProxy */;
		};
		22980D7C24E2AB3A00FD5CCA /* PBXTargetDependency */ = {
			isa = PBXTargetDependency;
			target = 22980D5324E2AB3200FD5CCA /* 马赛克处理 */;
			targetProxy = 22980D7B24E2AB3A00FD5CCA /* PBXContainerItemProxy */;
		};
/* End PBXTargetDependency section */

/* Begin PBXVariantGroup section */
		22980D6024E2AB3200FD5CCA /* Main.storyboard */ = {
			isa = PBXVariantGroup;
			children = (
				22980D6124E2AB3200FD5CCA /* Base */,
			);
			name = Main.storyboard;
			sourceTree = "<group>";
		};
		22980D6524E2AB3A00FD5CCA /* LaunchScreen.storyboard */ = {
			isa = PBXVariantGroup;
			children = (
				22980D6624E2AB3A00FD5CCA /* Base */,
			);
			name = LaunchScreen.storyboard;
			sourceTree = "<group>";
		};
/* End PBXVariantGroup section */

/* Begin XCBuildConfiguration section */
		22980D8124E2AB3A00FD5CCA /* Debug */ = {
			isa = XCBuildConfiguration;
			buildSettings = {
				ALWAYS_SEARCH_USER_PATHS = NO;
				CLANG_ANALYZER_NONNULL = YES;
				CLANG_ANALYZER_NUMBER_OBJECT_CONVERSION = YES_AGGRESSIVE;
				CLANG_CXX_LANGUAGE_STANDARD = "gnu++14";
				CLANG_CXX_LIBRARY = "libc++";
				CLANG_ENABLE_MODULES = YES;
				CLANG_ENABLE_OBJC_ARC = YES;
				CLANG_ENABLE_OBJC_WEAK = YES;
				CLANG_WARN_BLOCK_CAPTURE_AUTORELEASING = YES;
				CLANG_WARN_BOOL_CONVERSION = YES;
				CLANG_WARN_COMMA = YES;
				CLANG_WARN_CONSTANT_CONVERSION = YES;
				CLANG_WARN_DEPRECATED_OBJC_IMPLEMENTATIONS = YES;
				CLANG_WARN_DIRECT_OBJC_ISA_USAGE = YES_ERROR;
				CLANG_WARN_DOCUMENTATION_COMMENTS = YES;
				CLANG_WARN_EMPTY_BODY = YES;
				CLANG_WARN_ENUM_CONVERSION = YES;
				CLANG_WARN_INFINITE_RECURSION = YES;
				CLANG_WARN_INT_CONVERSION = YES;
				CLANG_WARN_NON_LITERAL_NULL_CONVERSION = YES;
				CLANG_WARN_OBJC_IMPLICIT_RETAIN_SELF = YES;
				CLANG_WARN_OBJC_LITERAL_CONVERSION = YES;
				CLANG_WARN_OBJC_ROOT_CLASS = YES_ERROR;
				CLANG_WARN_RANGE_LOOP_ANALYSIS = YES;
				CLANG_WARN_STRICT_PROTOTYPES = YES;
				CLANG_WARN_SUSPICIOUS_MOVE = YES;
				CLANG_WARN_UNGUARDED_AVAILABILITY = YES_AGGRESSIVE;
				CLANG_WARN_UNREACHABLE_CODE = YES;
				CLANG_WARN__DUPLICATE_METHOD_MATCH = YES;
				COPY_PHASE_STRIP = NO;
				DEBUG_INFORMATION_FORMAT = dwarf;
				ENABLE_STRICT_OBJC_MSGSEND = YES;
				ENABLE_TESTABILITY = YES;
				GCC_C_LANGUAGE_STANDARD = gnu11;
				GCC_DYNAMIC_NO_PIC = NO;
				GCC_NO_COMMON_BLOCKS = YES;
				GCC_OPTIMIZATION_LEVEL = 0;
				GCC_PREPROCESSOR_DEFINITIONS = (
					"DEBUG=1",
					"$(inherited)",
				);
				GCC_WARN_64_TO_32_BIT_CONVERSION = YES;
				GCC_WARN_ABOUT_RETURN_TYPE = YES_ERROR;
				GCC_WARN_UNDECLARED_SELECTOR = YES;
				GCC_WARN_UNINITIALIZED_AUTOS = YES_AGGRESSIVE;
				GCC_WARN_UNUSED_FUNCTION = YES;
				GCC_WARN_UNUSED_VARIABLE = YES;
				IPHONEOS_DEPLOYMENT_TARGET = 13.5;
				MTL_ENABLE_DEBUG_INFO = INCLUDE_SOURCE;
				MTL_FAST_MATH = YES;
				ONLY_ACTIVE_ARCH = YES;
				SDKROOT = iphoneos;
			};
			name = Debug;
		};
		22980D8224E2AB3A00FD5CCA /* Release */ = {
			isa = XCBuildConfiguration;
			buildSettings = {
				ALWAYS_SEARCH_USER_PATHS = NO;
				CLANG_ANALYZER_NONNULL = YES;
				CLANG_ANALYZER_NUMBER_OBJECT_CONVERSION = YES_AGGRESSIVE;
				CLANG_CXX_LANGUAGE_STANDARD = "gnu++14";
				CLANG_CXX_LIBRARY = "libc++";
				CLANG_ENABLE_MODULES = YES;
				CLANG_ENABLE_OBJC_ARC = YES;
				CLANG_ENABLE_OBJC_WEAK = YES;
				CLANG_WARN_BLOCK_CAPTURE_AUTORELEASING = YES;
				CLANG_WARN_BOOL_CONVERSION = YES;
				CLANG_WARN_COMMA = YES;
				CLANG_WARN_CONSTANT_CONVERSION = YES;
				CLANG_WARN_DEPRECATED_OBJC_IMPLEMENTATIONS = YES;
				CLANG_WARN_DIRECT_OBJC_ISA_USAGE = YES_ERROR;
				CLANG_WARN_DOCUMENTATION_COMMENTS = YES;
				CLANG_WARN_EMPTY_BODY = YES;
				CLANG_WARN_ENUM_CONVERSION = YES;
				CLANG_WARN_INFINITE_RECURSION = YES;
				CLANG_WARN_INT_CONVERSION = YES;
				CLANG_WARN_NON_LITERAL_NULL_CONVERSION = YES;
				CLANG_WARN_OBJC_IMPLICIT_RETAIN_SELF = YES;
				CLANG_WARN_OBJC_LITERAL_CONVERSION = YES;
				CLANG_WARN_OBJC_ROOT_CLASS = YES_ERROR;
				CLANG_WARN_RANGE_LOOP_ANALYSIS = YES;
				CLANG_WARN_STRICT_PROTOTYPES = YES;
				CLANG_WARN_SUSPICIOUS_MOVE = YES;
				CLANG_WARN_UNGUARDED_AVAILABILITY = YES_AGGRESSIVE;
				CLANG_WARN_UNREACHABLE_CODE = YES;
				CLANG_WARN__DUPLICATE_METHOD_MATCH = YES;
				COPY_PHASE_STRIP = NO;
				DEBUG_INFORMATION_FORMAT = "dwarf-with-dsym";
				ENABLE_NS_ASSERTIONS = NO;
				ENABLE_STRICT_OBJC_MSGSEND = YES;
				GCC_C_LANGUAGE_STANDARD = gnu11;
				GCC_NO_COMMON_BLOCKS = YES;
				GCC_WARN_64_TO_32_BIT_CONVERSION = YES;
				GCC_WARN_ABOUT_RETURN_TYPE = YES_ERROR;
				GCC_WARN_UNDECLARED_SELECTOR = YES;
				GCC_WARN_UNINITIALIZED_AUTOS = YES_AGGRESSIVE;
				GCC_WARN_UNUSED_FUNCTION = YES;
				GCC_WARN_UNUSED_VARIABLE = YES;
				IPHONEOS_DEPLOYMENT_TARGET = 13.5;
				MTL_ENABLE_DEBUG_INFO = NO;
				MTL_FAST_MATH = YES;
				SDKROOT = iphoneos;
				VALIDATE_PRODUCT = YES;
			};
			name = Release;
		};
		22980D8424E2AB3A00FD5CCA /* Debug */ = {
			isa = XCBuildConfiguration;
			buildSettings = {
				ASSETCATALOG_COMPILER_APPICON_NAME = AppIcon;
				CODE_SIGN_STYLE = Automatic;
				INFOPLIST_FILE = "马赛克处理/Info.plist";
				LD_RUNPATH_SEARCH_PATHS = (
					"$(inherited)",
					"@executable_path/Frameworks",
				);
				PRODUCT_BUNDLE_IDENTIFIER = "com.wenxi.-----";
				PRODUCT_NAME = "$(TARGET_NAME)";
				TARGETED_DEVICE_FAMILY = "1,2";
			};
			name = Debug;
		};
		22980D8524E2AB3A00FD5CCA /* Release */ = {
			isa = XCBuildConfiguration;
			buildSettings = {
				ASSETCATALOG_COMPILER_APPICON_NAME = AppIcon;
				CODE_SIGN_STYLE = Automatic;
				INFOPLIST_FILE = "马赛克处理/Info.plist";
				LD_RUNPATH_SEARCH_PATHS = (
					"$(inherited)",
					"@executable_path/Frameworks",
				);
				PRODUCT_BUNDLE_IDENTIFIER = "com.wenxi.-----";
				PRODUCT_NAME = "$(TARGET_NAME)";
				TARGETED_DEVICE_FAMILY = "1,2";
			};
			name = Release;
		};
		22980D8724E2AB3A00FD5CCA /* Debug */ = {
			isa = XCBuildConfiguration;
			buildSettings = {
				BUNDLE_LOADER = "$(TEST_HOST)";
				CODE_SIGN_STYLE = Automatic;
				INFOPLIST_FILE = "马赛克处理Tests/Info.plist";
				IPHONEOS_DEPLOYMENT_TARGET = 13.5;
				LD_RUNPATH_SEARCH_PATHS = (
					"$(inherited)",
					"@executable_path/Frameworks",
					"@loader_path/Frameworks",
				);
				PRODUCT_BUNDLE_IDENTIFIER = "com.wenxi.-----Tests";
				PRODUCT_NAME = "$(TARGET_NAME)";
				TARGETED_DEVICE_FAMILY = "1,2";
				TEST_HOST = "$(BUILT_PRODUCTS_DIR)/马赛克处理.app/马赛克处理";
			};
			name = Debug;
		};
		22980D8824E2AB3A00FD5CCA /* Release */ = {
			isa = XCBuildConfiguration;
			buildSettings = {
				BUNDLE_LOADER = "$(TEST_HOST)";
				CODE_SIGN_STYLE = Automatic;
				INFOPLIST_FILE = "马赛克处理Tests/Info.plist";
				IPHONEOS_DEPLOYMENT_TARGET = 13.5;
				LD_RUNPATH_SEARCH_PATHS = (
					"$(inherited)",
					"@executable_path/Frameworks",
					"@loader_path/Frameworks",
				);
				PRODUCT_BUNDLE_IDENTIFIER = "com.wenxi.-----Tests";
				PRODUCT_NAME = "$(TARGET_NAME)";
				TARGETED_DEVICE_FAMILY = "1,2";
				TEST_HOST = "$(BUILT_PRODUCTS_DIR)/马赛克处理.app/马赛克处理";
			};
			name = Release;
		};
		22980D8A24E2AB3A00FD5CCA /* Debug */ = {
			isa = XCBuildConfiguration;
			buildSettings = {
				CODE_SIGN_STYLE = Automatic;
				INFOPLIST_FILE = "马赛克处理UITests/Info.plist";
				LD_RUNPATH_SEARCH_PATHS = (
					"$(inherited)",
					"@executable_path/Frameworks",
					"@loader_path/Frameworks",
				);
				PRODUCT_BUNDLE_IDENTIFIER = "com.wenxi.-----UITests";
				PRODUCT_NAME = "$(TARGET_NAME)";
				TARGETED_DEVICE_FAMILY = "1,2";
				TEST_TARGET_NAME = "马赛克处理";
			};
			name = Debug;
		};
		22980D8B24E2AB3A00FD5CCA /* Release */ = {
			isa = XCBuildConfiguration;
			buildSettings = {
				CODE_SIGN_STYLE = Automatic;
				INFOPLIST_FILE = "马赛克处理UITests/Info.plist";
				LD_RUNPATH_SEARCH_PATHS = (
					"$(inherited)",
					"@executable_path/Frameworks",
					"@loader_path/Frameworks",
				);
				PRODUCT_BUNDLE_IDENTIFIER = "com.wenxi.-----UITests";
				PRODUCT_NAME = "$(TARGET_NAME)";
				TARGETED_DEVICE_FAMILY = "1,2";
				TEST_TARGET_NAME = "马赛克处理";
			};
			name = Release;
		};
/* End XCBuildConfiguration section */

/* Begin XCConfigurationList section */
		22980D4F24E2AB3200FD5CCA /* Build configuration list for PBXProject "马赛克处理" */ = {
			isa = XCConfigurationList;
			buildConfigurations = (
				22980D8124E2AB3A00FD5CCA /* Debug */,
				22980D8224E2AB3A00FD5CCA /* Release */,
			);
			defaultConfigurationIsVisible = 0;
			defaultConfigurationName = Release;
		};
		22980D8324E2AB3A00FD5CCA /* Build configuration list for PBXNativeTarget "马赛克处理" */ = {
			isa = XCConfigurationList;
			buildConfigurations = (
				22980D8424E2AB3A00FD5CCA /* Debug */,
				22980D8524E2AB3A00FD5CCA /* Release */,
			);
			defaultConfigurationIsVisible = 0;
			defaultConfigurationName = Release;
		};
		22980D8624E2AB3A00FD5CCA /* Build configuration list for PBXNativeTarget "马赛克处理Tests" */ = {
			isa = XCConfigurationList;
			buildConfigurations = (
				22980D8724E2AB3A00FD5CCA /* Debug */,
				22980D8824E2AB3A00FD5CCA /* Release */,
			);
			defaultConfigurationIsVisible = 0;
			defaultConfigurationName = Release;
		};
		22980D8924E2AB3A00FD5CCA /* Build configuration list for PBXNativeTarget "马赛克处理UITests" */ = {
			isa = XCConfigurationList;
			buildConfigurations = (
				22980D8A24E2AB3A00FD5CCA /* Debug */,
				22980D8B24E2AB3A00FD5CCA /* Release */,
			);
			defaultConfigurationIsVisible = 0;
			defaultConfigurationName = Release;
		};
/* End XCConfigurationList section */
	};
	rootObject = 22980D4C24E2AB3200FD5CCA /* Project object */;
}
